
Microsoft Visual Studio Solution File, Format Version 12.00
# Visual Studio Version 17
VisualStudioVersion = 17.6.33829.357
MinimumVisualStudioVersion = 10.0.40219.1
Project("{9A19103F-16F7-4668-BE54-9A1E7A4F7556}") = "DDev.Blazor", "DDev.Blazor\DDev.Blazor.csproj", "{7F779EF6-0672-4EE5-ABE7-8C5FB3273E67}"
EndProject
Project("{2150E333-8FDC-42A3-9474-1A3956D46DE8}") = "Samples", "Samples", "{FD464CB3-D010-4339-84A4-9A13E6EC6C95}"
	ProjectSection(SolutionItems) = preProject
		Samples\readme.md = Samples\readme.md
	EndProjectSection
EndProject
Project("{9A19103F-16F7-4668-BE54-9A1E7A4F7556}") = "ScheduleApp", "Samples\ScheduleApp\ScheduleApp.csproj", "{834D7BDE-8D73-44C8-9E09-1887247A23E0}"
EndProject
Project("{9A19103F-16F7-4668-BE54-9A1E7A4F7556}") = "Common", "Samples\Common\Common.csproj", "{F8F407E5-D72C-4853-82BD-2EB5122215A0}"
EndProject
Project("{2150E333-8FDC-42A3-9474-1A3956D46DE8}") = "Repository", "Repository", "{601738E2-1BF9-4011-8D6A-BB4C2DCF3B76}"
	ProjectSection(SolutionItems) = preProject
		..\.gitignore = ..\.gitignore
		..\readme.md = ..\readme.md
	EndProjectSection
EndProject
Global
	GlobalSection(SolutionConfigurationPlatforms) = preSolution
		Debug|Any CPU = Debug|Any CPU
		Release|Any CPU = Release|Any CPU
	EndGlobalSection
	GlobalSection(ProjectConfigurationPlatforms) = postSolution
		{7F779EF6-0672-4EE5-ABE7-8C5FB3273E67}.Debug|Any CPU.ActiveCfg = Debug|Any CPU
		{7F779EF6-0672-4EE5-ABE7-8C5FB3273E67}.Debug|Any CPU.Build.0 = Debug|Any CPU
		{7F779EF6-0672-4EE5-ABE7-8C5FB3273E67}.Release|Any CPU.ActiveCfg = Release|Any CPU
		{7F779EF6-0672-4EE5-ABE7-8C5FB3273E67}.Release|Any CPU.Build.0 = Release|Any CPU
		{834D7BDE-8D73-44C8-9E09-1887247A23E0}.Debug|Any CPU.ActiveCfg = Debug|Any CPU
		{834D7BDE-8D73-44C8-9E09-1887247A23E0}.Debug|Any CPU.Build.0 = Debug|Any CPU
		{834D7BDE-8D73-44C8-9E09-1887247A23E0}.Release|Any CPU.ActiveCfg = Release|Any CPU
		{834D7BDE-8D73-44C8-9E09-1887247A23E0}.Release|Any CPU.Build.0 = Release|Any CPU
		{F8F407E5-D72C-4853-82BD-2EB5122215A0}.Debug|Any CPU.ActiveCfg = Debug|Any CPU
		{F8F407E5-D72C-4853-82BD-2EB5122215A0}.Debug|Any CPU.Build.0 = Debug|Any CPU
		{F8F407E5-D72C-4853-82BD-2EB5122215A0}.Release|Any CPU.ActiveCfg = Release|Any CPU
		{F8F407E5-D72C-4853-82BD-2EB5122215A0}.Release|Any CPU.Build.0 = Release|Any CPU
	EndGlobalSection
	GlobalSection(SolutionProperties) = preSolution
		HideSolutionNode = FALSE
	EndGlobalSection
	GlobalSection(NestedProjects) = preSolution
		{834D7BDE-8D73-44C8-9E09-1887247A23E0} = {FD464CB3-D010-4339-84A4-9A13E6EC6C95}
		{F8F407E5-D72C-4853-82BD-2EB5122215A0} = {FD464CB3-D010-4339-84A4-9A13E6EC6C95}
	EndGlobalSection
	GlobalSection(ExtensibilityGlobals) = postSolution
		SolutionGuid = {F7F37DE4-666F-4FF9-9F94-FEF356526394}
	EndGlobalSection
EndGlobal
